// !$*UTF8*$!
{
	archiveVersion = 1;
	classes = {
	};
	objectVersion = 56;
	objects = {

/* Begin PBXBuildFile section */
		485CE00D2934FD400003B3A3 /* TomatoClockApp.swift in Sources */ = {isa = PBXBuildFile; fileRef = 485CE00C2934FD400003B3A3 /* TomatoClockApp.swift */; };
		485CE00F2934FD400003B3A3 /* ContentView.swift in Sources */ = {isa = PBXBuildFile; fileRef = 485CE00E2934FD400003B3A3 /* ContentView.swift */; };
		485CE0112934FD410003B3A3 /* Assets.xcassets in Resources */ = {isa = PBXBuildFile; fileRef = 485CE0102934FD410003B3A3 /* Assets.xcassets */; };
		485CE0142934FD410003B3A3 /* Preview Assets.xcassets in Resources */ = {isa = PBXBuildFile; fileRef = 485CE0132934FD410003B3A3 /* Preview Assets.xcassets */; };
		485CE01D2937A3F60003B3A3 /* LoginView.swift in Sources */ = {isa = PBXBuildFile; fileRef = 485CE01C2937A3F60003B3A3 /* LoginView.swift */; };
		485CE01F2937A4A60003B3A3 /* HomeView.swift in Sources */ = {isa = PBXBuildFile; fileRef = 485CE01E2937A4A60003B3A3 /* HomeView.swift */; };
		485CE0212937A50A0003B3A3 /* LoginViewModel.swift in Sources */ = {isa = PBXBuildFile; fileRef = 485CE0202937A50A0003B3A3 /* LoginViewModel.swift */; };
		485CE025293840F80003B3A3 /* FirebaseAuth in Frameworks */ = {isa = PBXBuildFile; productRef = 485CE024293840F80003B3A3 /* FirebaseAuth */; };
		485CE027293840F80003B3A3 /* FirebaseAuthCombine-Community in Frameworks */ = {isa = PBXBuildFile; productRef = 485CE026293840F80003B3A3 /* FirebaseAuthCombine-Community */; };
		485CE029293840F80003B3A3 /* FirebaseCrashlytics in Frameworks */ = {isa = PBXBuildFile; productRef = 485CE028293840F80003B3A3 /* FirebaseCrashlytics */; };
		485CE02B293840F80003B3A3 /* FirebaseFirestore in Frameworks */ = {isa = PBXBuildFile; productRef = 485CE02A293840F80003B3A3 /* FirebaseFirestore */; };
		485CE02D293840F80003B3A3 /* FirebaseFirestoreCombine-Community in Frameworks */ = {isa = PBXBuildFile; productRef = 485CE02C293840F80003B3A3 /* FirebaseFirestoreCombine-Community */; };
		485CE02F293840F80003B3A3 /* FirebaseFirestoreSwift in Frameworks */ = {isa = PBXBuildFile; productRef = 485CE02E293840F80003B3A3 /* FirebaseFirestoreSwift */; };
		485CE0322938420F0003B3A3 /* GoogleSignIn in Frameworks */ = {isa = PBXBuildFile; productRef = 485CE0312938420F0003B3A3 /* GoogleSignIn */; };
		485CE0342938420F0003B3A3 /* GoogleSignInSwift in Frameworks */ = {isa = PBXBuildFile; productRef = 485CE0332938420F0003B3A3 /* GoogleSignInSwift */; };
		485CE03629384E8F0003B3A3 /* GoogleService-Info.plist in Resources */ = {isa = PBXBuildFile; fileRef = 485CE03529384E8F0003B3A3 /* GoogleService-Info.plist */; };
/* End PBXBuildFile section */

/* Begin PBXFileReference section */
		485CE0092934FD400003B3A3 /* TomatoClock.app */ = {isa = PBXFileReference; explicitFileType = wrapper.application; includeInIndex = 0; path = TomatoClock.app; sourceTree = BUILT_PRODUCTS_DIR; };
		485CE00C2934FD400003B3A3 /* TomatoClockApp.swift */ = {isa = PBXFileReference; lastKnownFileType = sourcecode.swift; path = TomatoClockApp.swift; sourceTree = "<group>"; };
		485CE00E2934FD400003B3A3 /* ContentView.swift */ = {isa = PBXFileReference; lastKnownFileType = sourcecode.swift; path = ContentView.swift; sourceTree = "<group>"; };
		485CE0102934FD410003B3A3 /* Assets.xcassets */ = {isa = PBXFileReference; lastKnownFileType = folder.assetcatalog; path = Assets.xcassets; sourceTree = "<group>"; };
		485CE0132934FD410003B3A3 /* Preview Assets.xcassets */ = {isa = PBXFileReference; lastKnownFileType = folder.assetcatalog; path = "Preview Assets.xcassets"; sourceTree = "<group>"; };
		485CE01C2937A3F60003B3A3 /* LoginView.swift */ = {isa = PBXFileReference; lastKnownFileType = sourcecode.swift; path = LoginView.swift; sourceTree = "<group>"; };
		485CE01E2937A4A60003B3A3 /* HomeView.swift */ = {isa = PBXFileReference; lastKnownFileType = sourcecode.swift; path = HomeView.swift; sourceTree = "<group>"; };
		485CE0202937A50A0003B3A3 /* LoginViewModel.swift */ = {isa = PBXFileReference; lastKnownFileType = sourcecode.swift; path = LoginViewModel.swift; sourceTree = "<group>"; };
		485CE0222937A52E0003B3A3 /* README.md */ = {isa = PBXFileReference; lastKnownFileType = net.daringfireball.markdown; path = README.md; sourceTree = "<group>"; };
		485CE03529384E8F0003B3A3 /* GoogleService-Info.plist */ = {isa = PBXFileReference; fileEncoding = 4; lastKnownFileType = text.plist.xml; path = "GoogleService-Info.plist"; sourceTree = "<group>"; };
		485CE03729384F6E0003B3A3 /* Info.plist */ = {isa = PBXFileReference; lastKnownFileType = text.plist; path = Info.plist; sourceTree = "<group>"; };
/* End PBXFileReference section */

/* Begin PBXFrameworksBuildPhase section */
		485CE0062934FD400003B3A3 /* Frameworks */ = {
			isa = PBXFrameworksBuildPhase;
			buildActionMask = 2147483647;
			files = (
				485CE029293840F80003B3A3 /* FirebaseCrashlytics in Frameworks */,
				485CE02B293840F80003B3A3 /* FirebaseFirestore in Frameworks */,
				485CE025293840F80003B3A3 /* FirebaseAuth in Frameworks */,
				485CE0342938420F0003B3A3 /* GoogleSignInSwift in Frameworks */,
				485CE02D293840F80003B3A3 /* FirebaseFirestoreCombine-Community in Frameworks */,
				485CE027293840F80003B3A3 /* FirebaseAuthCombine-Community in Frameworks */,
				485CE02F293840F80003B3A3 /* FirebaseFirestoreSwift in Frameworks */,
				485CE0322938420F0003B3A3 /* GoogleSignIn in Frameworks */,
			);
			runOnlyForDeploymentPostprocessing = 0;
		};
/* End PBXFrameworksBuildPhase section */

/* Begin PBXGroup section */
		485CE0002934FD400003B3A3 = {
			isa = PBXGroup;
			children = (
				485CE0222937A52E0003B3A3 /* README.md */,
				485CE00B2934FD400003B3A3 /* TomatoClock */,
				485CE00A2934FD400003B3A3 /* Products */,
			);
			sourceTree = "<group>";
		};
		485CE00A2934FD400003B3A3 /* Products */ = {
			isa = PBXGroup;
			children = (
				485CE0092934FD400003B3A3 /* TomatoClock.app */,
			);
			name = Products;
			sourceTree = "<group>";
		};
		485CE00B2934FD400003B3A3 /* TomatoClock */ = {
			isa = PBXGroup;
			children = (
				485CE03729384F6E0003B3A3 /* Info.plist */,
				485CE00C2934FD400003B3A3 /* TomatoClockApp.swift */,
				485CE03529384E8F0003B3A3 /* GoogleService-Info.plist */,
				485CE00E2934FD400003B3A3 /* ContentView.swift */,
				485CE01B2937A3D40003B3A3 /* ViewModel */,
				485CE01A2937A3C80003B3A3 /* View */,
				485CE0102934FD410003B3A3 /* Assets.xcassets */,
				485CE0122934FD410003B3A3 /* Preview Content */,
			);
			path = TomatoClock;
			sourceTree = "<group>";
		};
		485CE0122934FD410003B3A3 /* Preview Content */ = {
			isa = PBXGroup;
			children = (
				485CE0132934FD410003B3A3 /* Preview Assets.xcassets */,
			);
			path = "Preview Content";
			sourceTree = "<group>";
		};
		485CE01A2937A3C80003B3A3 /* View */ = {
			isa = PBXGroup;
			children = (
				485CE01C2937A3F60003B3A3 /* LoginView.swift */,
				485CE01E2937A4A60003B3A3 /* HomeView.swift */,
			);
			path = View;
			sourceTree = "<group>";
		};
		485CE01B2937A3D40003B3A3 /* ViewModel */ = {
			isa = PBXGroup;
			children = (
				485CE0202937A50A0003B3A3 /* LoginViewModel.swift */,
			);
			path = ViewModel;
			sourceTree = "<group>";
		};
/* End PBXGroup section */

/* Begin PBXNativeTarget section */
		485CE0082934FD400003B3A3 /* TomatoClock */ = {
			isa = PBXNativeTarget;
			buildConfigurationList = 485CE0172934FD410003B3A3 /* Build configuration list for PBXNativeTarget "TomatoClock" */;
			buildPhases = (
				485CE0052934FD400003B3A3 /* Sources */,
				485CE0062934FD400003B3A3 /* Frameworks */,
				485CE0072934FD400003B3A3 /* Resources */,
			);
			buildRules = (
			);
			dependencies = (
			);
			name = TomatoClock;
			packageProductDependencies = (
				485CE024293840F80003B3A3 /* FirebaseAuth */,
				485CE026293840F80003B3A3 /* FirebaseAuthCombine-Community */,
				485CE028293840F80003B3A3 /* FirebaseCrashlytics */,
				485CE02A293840F80003B3A3 /* FirebaseFirestore */,
				485CE02C293840F80003B3A3 /* FirebaseFirestoreCombine-Community */,
				485CE02E293840F80003B3A3 /* FirebaseFirestoreSwift */,
				485CE0312938420F0003B3A3 /* GoogleSignIn */,
				485CE0332938420F0003B3A3 /* GoogleSignInSwift */,
			);
			productName = TomatoClock;
			productReference = 485CE0092934FD400003B3A3 /* TomatoClock.app */;
			productType = "com.apple.product-type.application";
		};
/* End PBXNativeTarget section */

/* Begin PBXProject section */
		485CE0012934FD400003B3A3 /* Project object */ = {
			isa = PBXProject;
			attributes = {
				BuildIndependentTargetsInParallel = 1;
				LastSwiftUpdateCheck = 1410;
				LastUpgradeCheck = 1410;
				TargetAttributes = {
					485CE0082934FD400003B3A3 = {
						CreatedOnToolsVersion = 14.1;
					};
				};
			};
			buildConfigurationList = 485CE0042934FD400003B3A3 /* Build configuration list for PBXProject "TomatoClock" */;
			compatibilityVersion = "Xcode 14.0";
			developmentRegion = en;
			hasScannedForEncodings = 0;
			knownRegions = (
				en,
				Base,
			);
			mainGroup = 485CE0002934FD400003B3A3;
			packageReferences = (
				485CE023293840F80003B3A3 /* XCRemoteSwiftPackageReference "firebase-ios-sdk" */,
				485CE0302938420E0003B3A3 /* XCRemoteSwiftPackageReference "GoogleSignIn-iOS" */,
			);
			productRefGroup = 485CE00A2934FD400003B3A3 /* Products */;
			projectDirPath = "";
			projectRoot = "";
			targets = (
				485CE0082934FD400003B3A3 /* TomatoClock */,
			);
		};
/* End PBXProject section */

/* Begin PBXResourcesBuildPhase section */
		485CE0072934FD400003B3A3 /* Resources */ = {
			isa = PBXResourcesBuildPhase;
			buildActionMask = 2147483647;
			files = (
				485CE0142934FD410003B3A3 /* Preview Assets.xcassets in Resources */,
				485CE0112934FD410003B3A3 /* Assets.xcassets in Resources */,
				485CE03629384E8F0003B3A3 /* GoogleService-Info.plist in Resources */,
			);
			runOnlyForDeploymentPostprocessing = 0;
		};
/* End PBXResourcesBuildPhase section */

/* Begin PBXSourcesBuildPhase section */
		485CE0052934FD400003B3A3 /* Sources */ = {
			isa = PBXSourcesBuildPhase;
			buildActionMask = 2147483647;
			files = (
				485CE01D2937A3F60003B3A3 /* LoginView.swift in Sources */,
				485CE01F2937A4A60003B3A3 /* HomeView.swift in Sources */,
				485CE00F2934FD400003B3A3 /* ContentView.swift in Sources */,
				485CE0212937A50A0003B3A3 /* LoginViewModel.swift in Sources */,
				485CE00D2934FD400003B3A3 /* TomatoClockApp.swift in Sources */,
			);
			runOnlyForDeploymentPostprocessing = 0;
		};
/* End PBXSourcesBuildPhase section */

/* Begin XCBuildConfiguration section */
		485CE0152934FD410003B3A3 /* Debug */ = {
			isa = XCBuildConfiguration;
			buildSettings = {
				ALWAYS_SEARCH_USER_PATHS = NO;
				CLANG_ANALYZER_NONNULL = YES;
				CLANG_ANALYZER_NUMBER_OBJECT_CONVERSION = YES_AGGRESSIVE;
				CLANG_CXX_LANGUAGE_STANDARD = "gnu++20";
				CLANG_ENABLE_MODULES = YES;
				CLANG_ENABLE_OBJC_ARC = YES;
				CLANG_ENABLE_OBJC_WEAK = YES;
				CLANG_WARN_BLOCK_CAPTURE_AUTORELEASING = YES;
				CLANG_WARN_BOOL_CONVERSION = YES;
				CLANG_WARN_COMMA = YES;
				CLANG_WARN_CONSTANT_CONVERSION = YES;
				CLANG_WARN_DEPRECATED_OBJC_IMPLEMENTATIONS = YES;
				CLANG_WARN_DIRECT_OBJC_ISA_USAGE = YES_ERROR;
				CLANG_WARN_DOCUMENTATION_COMMENTS = YES;
				CLANG_WARN_EMPTY_BODY = YES;
				CLANG_WARN_ENUM_CONVERSION = YES;
				CLANG_WARN_INFINITE_RECURSION = YES;
				CLANG_WARN_INT_CONVERSION = YES;
				CLANG_WARN_NON_LITERAL_NULL_CONVERSION = YES;
				CLANG_WARN_OBJC_IMPLICIT_RETAIN_SELF = YES;
				CLANG_WARN_OBJC_LITERAL_CONVERSION = YES;
				CLANG_WARN_OBJC_ROOT_CLASS = YES_ERROR;
				CLANG_WARN_QUOTED_INCLUDE_IN_FRAMEWORK_HEADER = YES;
				CLANG_WARN_RANGE_LOOP_ANALYSIS = YES;
				CLANG_WARN_STRICT_PROTOTYPES = YES;
				CLANG_WARN_SUSPICIOUS_MOVE = YES;
				CLANG_WARN_UNGUARDED_AVAILABILITY = YES_AGGRESSIVE;
				CLANG_WARN_UNREACHABLE_CODE = YES;
				CLANG_WARN__DUPLICATE_METHOD_MATCH = YES;
				COPY_PHASE_STRIP = NO;
				DEBUG_INFORMATION_FORMAT = dwarf;
				ENABLE_STRICT_OBJC_MSGSEND = YES;
				ENABLE_TESTABILITY = YES;
				GCC_C_LANGUAGE_STANDARD = gnu11;
				GCC_DYNAMIC_NO_PIC = NO;
				GCC_NO_COMMON_BLOCKS = YES;
				GCC_OPTIMIZATION_LEVEL = 0;
				GCC_PREPROCESSOR_DEFINITIONS = (
					"DEBUG=1",
					"$(inherited)",
				);
				GCC_WARN_64_TO_32_BIT_CONVERSION = YES;
				GCC_WARN_ABOUT_RETURN_TYPE = YES_ERROR;
				GCC_WARN_UNDECLARED_SELECTOR = YES;
				GCC_WARN_UNINITIALIZED_AUTOS = YES_AGGRESSIVE;
				GCC_WARN_UNUSED_FUNCTION = YES;
				GCC_WARN_UNUSED_VARIABLE = YES;
				IPHONEOS_DEPLOYMENT_TARGET = 16.1;
				MTL_ENABLE_DEBUG_INFO = INCLUDE_SOURCE;
				MTL_FAST_MATH = YES;
				ONLY_ACTIVE_ARCH = YES;
				SDKROOT = iphoneos;
				SWIFT_ACTIVE_COMPILATION_CONDITIONS = DEBUG;
				SWIFT_OPTIMIZATION_LEVEL = "-Onone";
			};
			name = Debug;
		};
		485CE0162934FD410003B3A3 /* Release */ = {
			isa = XCBuildConfiguration;
			buildSettings = {
				ALWAYS_SEARCH_USER_PATHS = NO;
				CLANG_ANALYZER_NONNULL = YES;
				CLANG_ANALYZER_NUMBER_OBJECT_CONVERSION = YES_AGGRESSIVE;
				CLANG_CXX_LANGUAGE_STANDARD = "gnu++20";
				CLANG_ENABLE_MODULES = YES;
				CLANG_ENABLE_OBJC_ARC = YES;
				CLANG_ENABLE_OBJC_WEAK = YES;
				CLANG_WARN_BLOCK_CAPTURE_AUTORELEASING = YES;
				CLANG_WARN_BOOL_CONVERSION = YES;
				CLANG_WARN_COMMA = YES;
				CLANG_WARN_CONSTANT_CONVERSION = YES;
				CLANG_WARN_DEPRECATED_OBJC_IMPLEMENTATIONS = YES;
				CLANG_WARN_DIRECT_OBJC_ISA_USAGE = YES_ERROR;
				CLANG_WARN_DOCUMENTATION_COMMENTS = YES;
				CLANG_WARN_EMPTY_BODY = YES;
				CLANG_WARN_ENUM_CONVERSION = YES;
				CLANG_WARN_INFINITE_RECURSION = YES;
				CLANG_WARN_INT_CONVERSION = YES;
				CLANG_WARN_NON_LITERAL_NULL_CONVERSION = YES;
				CLANG_WARN_OBJC_IMPLICIT_RETAIN_SELF = YES;
				CLANG_WARN_OBJC_LITERAL_CONVERSION = YES;
				CLANG_WARN_OBJC_ROOT_CLASS = YES_ERROR;
				CLANG_WARN_QUOTED_INCLUDE_IN_FRAMEWORK_HEADER = YES;
				CLANG_WARN_RANGE_LOOP_ANALYSIS = YES;
				CLANG_WARN_STRICT_PROTOTYPES = YES;
				CLANG_WARN_SUSPICIOUS_MOVE = YES;
				CLANG_WARN_UNGUARDED_AVAILABILITY = YES_AGGRESSIVE;
				CLANG_WARN_UNREACHABLE_CODE = YES;
				CLANG_WARN__DUPLICATE_METHOD_MATCH = YES;
				COPY_PHASE_STRIP = NO;
				DEBUG_INFORMATION_FORMAT = "dwarf-with-dsym";
				ENABLE_NS_ASSERTIONS = NO;
				ENABLE_STRICT_OBJC_MSGSEND = YES;
				GCC_C_LANGUAGE_STANDARD = gnu11;
				GCC_NO_COMMON_BLOCKS = YES;
				GCC_WARN_64_TO_32_BIT_CONVERSION = YES;
				GCC_WARN_ABOUT_RETURN_TYPE = YES_ERROR;
				GCC_WARN_UNDECLARED_SELECTOR = YES;
				GCC_WARN_UNINITIALIZED_AUTOS = YES_AGGRESSIVE;
				GCC_WARN_UNUSED_FUNCTION = YES;
				GCC_WARN_UNUSED_VARIABLE = YES;
				IPHONEOS_DEPLOYMENT_TARGET = 16.1;
				MTL_ENABLE_DEBUG_INFO = NO;
				MTL_FAST_MATH = YES;
				SDKROOT = iphoneos;
				SWIFT_COMPILATION_MODE = wholemodule;
				SWIFT_OPTIMIZATION_LEVEL = "-O";
				VALIDATE_PRODUCT = YES;
			};
			name = Release;
		};
		485CE0182934FD410003B3A3 /* Debug */ = {
			isa = XCBuildConfiguration;
			buildSettings = {
				ASSETCATALOG_COMPILER_APPICON_NAME = AppIcon;
				ASSETCATALOG_COMPILER_GLOBAL_ACCENT_COLOR_NAME = AccentColor;
				CODE_SIGN_STYLE = Automatic;
				CURRENT_PROJECT_VERSION = 1;
				DEVELOPMENT_ASSET_PATHS = "\"TomatoClock/Preview Content\"";
				DEVELOPMENT_TEAM = UQE8HAFWVF;
				ENABLE_PREVIEWS = YES;
				GENERATE_INFOPLIST_FILE = YES;
				INFOPLIST_FILE = TomatoClock/Info.plist;
				INFOPLIST_KEY_UIApplicationSceneManifest_Generation = YES;
				INFOPLIST_KEY_UIApplicationSupportsIndirectInputEvents = YES;
				INFOPLIST_KEY_UILaunchScreen_Generation = YES;
				INFOPLIST_KEY_UISupportedInterfaceOrientations_iPad = "UIInterfaceOrientationPortrait UIInterfaceOrientationPortraitUpsideDown UIInterfaceOrientationLandscapeLeft UIInterfaceOrientationLandscapeRight";
				INFOPLIST_KEY_UISupportedInterfaceOrientations_iPhone = "UIInterfaceOrientationPortrait UIInterfaceOrientationLandscapeLeft UIInterfaceOrientationLandscapeRight";
				LD_RUNPATH_SEARCH_PATHS = (
					"$(inherited)",
					"@executable_path/Frameworks",
				);
				MARKETING_VERSION = 1.0;
				PRODUCT_BUNDLE_IDENTIFIER = com.lenny.TomatoClock;
				PRODUCT_NAME = "$(TARGET_NAME)";
				SWIFT_EMIT_LOC_STRINGS = YES;
				SWIFT_VERSION = 5.0;
				TARGETED_DEVICE_FAMILY = "1,2";
			};
			name = Debug;
		};
		485CE0192934FD410003B3A3 /* Release */ = {
			isa = XCBuildConfiguration;
			buildSettings = {
				ASSETCATALOG_COMPILER_APPICON_NAME = AppIcon;
				ASSETCATALOG_COMPILER_GLOBAL_ACCENT_COLOR_NAME = AccentColor;
				CODE_SIGN_STYLE = Automatic;
				CURRENT_PROJECT_VERSION = 1;
				DEVELOPMENT_ASSET_PATHS = "\"TomatoClock/Preview Content\"";
				DEVELOPMENT_TEAM = UQE8HAFWVF;
				ENABLE_PREVIEWS = YES;
				GENERATE_INFOPLIST_FILE = YES;
				INFOPLIST_FILE = TomatoClock/Info.plist;
				INFOPLIST_KEY_UIApplicationSceneManifest_Generation = YES;
				INFOPLIST_KEY_UIApplicationSupportsIndirectInputEvents = YES;
				INFOPLIST_KEY_UILaunchScreen_Generation = YES;
				INFOPLIST_KEY_UISupportedInterfaceOrientations_iPad = "UIInterfaceOrientationPortrait UIInterfaceOrientationPortraitUpsideDown UIInterfaceOrientationLandscapeLeft UIInterfaceOrientationLandscapeRight";
				INFOPLIST_KEY_UISupportedInterfaceOrientations_iPhone = "UIInterfaceOrientationPortrait UIInterfaceOrientationLandscapeLeft UIInterfaceOrientationLandscapeRight";
				LD_RUNPATH_SEARCH_PATHS = (
					"$(inherited)",
					"@executable_path/Frameworks",
				);
				MARKETING_VERSION = 1.0;
				PRODUCT_BUNDLE_IDENTIFIER = com.lenny.TomatoClock;
				PRODUCT_NAME = "$(TARGET_NAME)";
				SWIFT_EMIT_LOC_STRINGS = YES;
				SWIFT_VERSION = 5.0;
				TARGETED_DEVICE_FAMILY = "1,2";
			};
			name = Release;
		};
/* End XCBuildConfiguration section */

/* Begin XCConfigurationList section */
		485CE0042934FD400003B3A3 /* Build configuration list for PBXProject "TomatoClock" */ = {
			isa = XCConfigurationList;
			buildConfigurations = (
				485CE0152934FD410003B3A3 /* Debug */,
				485CE0162934FD410003B3A3 /* Release */,
			);
			defaultConfigurationIsVisible = 0;
			defaultConfigurationName = Release;
		};
		485CE0172934FD410003B3A3 /* Build configuration list for PBXNativeTarget "TomatoClock" */ = {
			isa = XCConfigurationList;
			buildConfigurations = (
				485CE0182934FD410003B3A3 /* Debug */,
				485CE0192934FD410003B3A3 /* Release */,
			);
			defaultConfigurationIsVisible = 0;
			defaultConfigurationName = Release;
		};
/* End XCConfigurationList section */

/* Begin XCRemoteSwiftPackageReference section */
		485CE023293840F80003B3A3 /* XCRemoteSwiftPackageReference "firebase-ios-sdk" */ = {
			isa = XCRemoteSwiftPackageReference;
			repositoryURL = "https://github.com/firebase/firebase-ios-sdk";
			requirement = {
				kind = upToNextMajorVersion;
				minimumVersion = 9.0.0;
			};
		};
		485CE0302938420E0003B3A3 /* XCRemoteSwiftPackageReference "GoogleSignIn-iOS" */ = {
			isa = XCRemoteSwiftPackageReference;
			repositoryURL = "https://github.com/google/GoogleSignIn-iOS";
			requirement = {
				branch = main;
				kind = branch;
			};
		};
/* End XCRemoteSwiftPackageReference section */

/* Begin XCSwiftPackageProductDependency section */
		485CE024293840F80003B3A3 /* FirebaseAuth */ = {
			isa = XCSwiftPackageProductDependency;
			package = 485CE023293840F80003B3A3 /* XCRemoteSwiftPackageReference "firebase-ios-sdk" */;
			productName = FirebaseAuth;
		};
		485CE026293840F80003B3A3 /* FirebaseAuthCombine-Community */ = {
			isa = XCSwiftPackageProductDependency;
			package = 485CE023293840F80003B3A3 /* XCRemoteSwiftPackageReference "firebase-ios-sdk" */;
			productName = "FirebaseAuthCombine-Community";
		};
		485CE028293840F80003B3A3 /* FirebaseCrashlytics */ = {
			isa = XCSwiftPackageProductDependency;
			package = 485CE023293840F80003B3A3 /* XCRemoteSwiftPackageReference "firebase-ios-sdk" */;
			productName = FirebaseCrashlytics;
		};
		485CE02A293840F80003B3A3 /* FirebaseFirestore */ = {
			isa = XCSwiftPackageProductDependency;
			package = 485CE023293840F80003B3A3 /* XCRemoteSwiftPackageReference "firebase-ios-sdk" */;
			productName = FirebaseFirestore;
		};
		485CE02C293840F80003B3A3 /* FirebaseFirestoreCombine-Community */ = {
			isa = XCSwiftPackageProductDependency;
			package = 485CE023293840F80003B3A3 /* XCRemoteSwiftPackageReference "firebase-ios-sdk" */;
			productName = "FirebaseFirestoreCombine-Community";
		};
		485CE02E293840F80003B3A3 /* FirebaseFirestoreSwift */ = {
			isa = XCSwiftPackageProductDependency;
			package = 485CE023293840F80003B3A3 /* XCRemoteSwiftPackageReference "firebase-ios-sdk" */;
			productName = FirebaseFirestoreSwift;
		};
		485CE0312938420F0003B3A3 /* GoogleSignIn */ = {
			isa = XCSwiftPackageProductDependency;
			package = 485CE0302938420E0003B3A3 /* XCRemoteSwiftPackageReference "GoogleSignIn-iOS" */;
			productName = GoogleSignIn;
		};
		485CE0332938420F0003B3A3 /* GoogleSignInSwift */ = {
			isa = XCSwiftPackageProductDependency;
			package = 485CE0302938420E0003B3A3 /* XCRemoteSwiftPackageReference "GoogleSignIn-iOS" */;
			productName = GoogleSignInSwift;
		};
/* End XCSwiftPackageProductDependency section */
	};
	rootObject = 485CE0012934FD400003B3A3 /* Project object */;
}
